
Microsoft Visual Studio Solution File, Format Version 12.00
# Visual Studio Version 16
VisualStudioVersion = 16.0.29230.47
MinimumVisualStudioVersion = 10.0.40219.1
Project("{FAE04EC0-301F-11D3-BF4B-00C04F79EFBC}") = "lecture 6 dynamic polimorphism", "lecture 6 dynamic polimorphism.csproj", "{D300BA57-E049-4588-BBAF-6BE99A05D1C4}"
EndProject
Global
	GlobalSection(SolutionConfigurationPlatforms) = preSolution
		Debug|Any CPU = Debug|Any CPU
		Release|Any CPU = Release|Any CPU
	EndGlobalSection
	GlobalSection(ProjectConfigurationPlatforms) = postSolution
		{D300BA57-E049-4588-BBAF-6BE99A05D1C4}.Debug|Any CPU.ActiveCfg = Debug|Any CPU
		{D300BA57-E049-4588-BBAF-6BE99A05D1C4}.Debug|Any CPU.Build.0 = Debug|Any CPU
		{D300BA57-E049-4588-BBAF-6BE99A05D1C4}.Release|Any CPU.ActiveCfg = Release|Any CPU
		{D300BA57-E049-4588-BBAF-6BE99A05D1C4}.Release|Any CPU.Build.0 = Release|Any CPU
	EndGlobalSection
	GlobalSection(SolutionProperties) = preSolution
		HideSolutionNode = FALSE
	EndGlobalSection
	GlobalSection(ExtensibilityGlobals) = postSolution
		SolutionGuid = {83E0DFC8-E204-4DA7-BC6F-EC77AE06D3CC}
	EndGlobalSection
EndGlobal
