
Microsoft Visual Studio Solution File, Format Version 12.00
# Visual Studio Version 16
VisualStudioVersion = 16.0.29230.47
MinimumVisualStudioVersion = 10.0.40219.1
Project("{FAE04EC0-301F-11D3-BF4B-00C04F79EFBC}") = "lecture 6", "lecture 6.csproj", "{C1304EA0-6656-47DC-AC29-ACE0759E953D}"
EndProject
Global
	GlobalSection(SolutionConfigurationPlatforms) = preSolution
		Debug|Any CPU = Debug|Any CPU
		Release|Any CPU = Release|Any CPU
	EndGlobalSection
	GlobalSection(ProjectConfigurationPlatforms) = postSolution
		{C1304EA0-6656-47DC-AC29-ACE0759E953D}.Debug|Any CPU.ActiveCfg = Debug|Any CPU
		{C1304EA0-6656-47DC-AC29-ACE0759E953D}.Debug|Any CPU.Build.0 = Debug|Any CPU
		{C1304EA0-6656-47DC-AC29-ACE0759E953D}.Release|Any CPU.ActiveCfg = Release|Any CPU
		{C1304EA0-6656-47DC-AC29-ACE0759E953D}.Release|Any CPU.Build.0 = Release|Any CPU
	EndGlobalSection
	GlobalSection(SolutionProperties) = preSolution
		HideSolutionNode = FALSE
	EndGlobalSection
	GlobalSection(ExtensibilityGlobals) = postSolution
		SolutionGuid = {F171AC27-458A-4CC9-84B5-B80D23436818}
	EndGlobalSection
EndGlobal
