
Microsoft Visual Studio Solution File, Format Version 12.00
# Visual Studio Version 16
VisualStudioVersion = 16.0.29230.47
MinimumVisualStudioVersion = 10.0.40219.1
Project("{FAE04EC0-301F-11D3-BF4B-00C04F79EFBC}") = "lecture 5 access modifiers", "lecture 5 access modifiers.csproj", "{11129563-1FA7-4D9E-A171-0349F5C0D7F8}"
EndProject
Global
	GlobalSection(SolutionConfigurationPlatforms) = preSolution
		Debug|Any CPU = Debug|Any CPU
		Release|Any CPU = Release|Any CPU
	EndGlobalSection
	GlobalSection(ProjectConfigurationPlatforms) = postSolution
		{11129563-1FA7-4D9E-A171-0349F5C0D7F8}.Debug|Any CPU.ActiveCfg = Debug|Any CPU
		{11129563-1FA7-4D9E-A171-0349F5C0D7F8}.Debug|Any CPU.Build.0 = Debug|Any CPU
		{11129563-1FA7-4D9E-A171-0349F5C0D7F8}.Release|Any CPU.ActiveCfg = Release|Any CPU
		{11129563-1FA7-4D9E-A171-0349F5C0D7F8}.Release|Any CPU.Build.0 = Release|Any CPU
	EndGlobalSection
	GlobalSection(SolutionProperties) = preSolution
		HideSolutionNode = FALSE
	EndGlobalSection
	GlobalSection(ExtensibilityGlobals) = postSolution
		SolutionGuid = {A06F5524-B0E7-4933-83C8-347A2DF1CA3C}
	EndGlobalSection
EndGlobal
